
Microsoft Visual Studio Solution File, Format Version 12.00
# Visual Studio 15
VisualStudioVersion = 15.0.27703.2035
MinimumVisualStudioVersion = 10.0.40219.1
Project("{FAE04EC0-301F-11D3-BF4B-00C04F79EFBC}") = "CarRentalInteractive", "CarRentalInteractive\CarRentalInteractive.csproj", "{55249B00-FFE3-4A64-9E4B-101D8BBC818B}"
EndProject
Global
	GlobalSection(SolutionConfigurationPlatforms) = preSolution
		Debug|Any CPU = Debug|Any CPU
		Release|Any CPU = Release|Any CPU
	EndGlobalSection
	GlobalSection(ProjectConfigurationPlatforms) = postSolution
		{55249B00-FFE3-4A64-9E4B-101D8BBC818B}.Debug|Any CPU.ActiveCfg = Debug|Any CPU
		{55249B00-FFE3-4A64-9E4B-101D8BBC818B}.Debug|Any CPU.Build.0 = Debug|Any CPU
		{55249B00-FFE3-4A64-9E4B-101D8BBC818B}.Release|Any CPU.ActiveCfg = Release|Any CPU
		{55249B00-FFE3-4A64-9E4B-101D8BBC818B}.Release|Any CPU.Build.0 = Release|Any CPU
	EndGlobalSection
	GlobalSection(SolutionProperties) = preSolution
		HideSolutionNode = FALSE
	EndGlobalSection
	GlobalSection(ExtensibilityGlobals) = postSolution
		SolutionGuid = {B65606BE-B8D2-49A1-8D17-FA3AD8B7FC8B}
	EndGlobalSection
EndGlobal
