
Microsoft Visual Studio Solution File, Format Version 12.00
# Visual Studio 15
VisualStudioVersion = 15.0.27703.2035
MinimumVisualStudioVersion = 10.0.40219.1
Project("{FAE04EC0-301F-11D3-BF4B-00C04F79EFBC}") = "GreenvilleRevenueGUI", "GreenvilleRevenueGUI\GreenvilleRevenueGUI.csproj", "{BE360DFE-45C8-40DB-9DF5-0471E3314A19}"
EndProject
Global
	GlobalSection(SolutionConfigurationPlatforms) = preSolution
		Debug|Any CPU = Debug|Any CPU
		Release|Any CPU = Release|Any CPU
	EndGlobalSection
	GlobalSection(ProjectConfigurationPlatforms) = postSolution
		{BE360DFE-45C8-40DB-9DF5-0471E3314A19}.Debug|Any CPU.ActiveCfg = Debug|Any CPU
		{BE360DFE-45C8-40DB-9DF5-0471E3314A19}.Debug|Any CPU.Build.0 = Debug|Any CPU
		{BE360DFE-45C8-40DB-9DF5-0471E3314A19}.Release|Any CPU.ActiveCfg = Release|Any CPU
		{BE360DFE-45C8-40DB-9DF5-0471E3314A19}.Release|Any CPU.Build.0 = Release|Any CPU
	EndGlobalSection
	GlobalSection(SolutionProperties) = preSolution
		HideSolutionNode = FALSE
	EndGlobalSection
	GlobalSection(ExtensibilityGlobals) = postSolution
		SolutionGuid = {01C61782-7DCA-47D0-AE19-06557C754780}
	EndGlobalSection
EndGlobal
