
Microsoft Visual Studio Solution File, Format Version 12.00
# Visual Studio 15
VisualStudioVersion = 15.0.27703.2035
MinimumVisualStudioVersion = 10.0.40219.1
Project("{FAE04EC0-301F-11D3-BF4B-00C04F79EFBC}") = "GUIcalculator", "GUIcalculator\GUIcalculator.csproj", "{5DA16609-F428-44D2-B45B-A5CCF47E3C62}"
EndProject
Global
	GlobalSection(SolutionConfigurationPlatforms) = preSolution
		Debug|Any CPU = Debug|Any CPU
		Release|Any CPU = Release|Any CPU
	EndGlobalSection
	GlobalSection(ProjectConfigurationPlatforms) = postSolution
		{5DA16609-F428-44D2-B45B-A5CCF47E3C62}.Debug|Any CPU.ActiveCfg = Debug|Any CPU
		{5DA16609-F428-44D2-B45B-A5CCF47E3C62}.Debug|Any CPU.Build.0 = Debug|Any CPU
		{5DA16609-F428-44D2-B45B-A5CCF47E3C62}.Release|Any CPU.ActiveCfg = Release|Any CPU
		{5DA16609-F428-44D2-B45B-A5CCF47E3C62}.Release|Any CPU.Build.0 = Release|Any CPU
	EndGlobalSection
	GlobalSection(SolutionProperties) = preSolution
		HideSolutionNode = FALSE
	EndGlobalSection
	GlobalSection(ExtensibilityGlobals) = postSolution
		SolutionGuid = {3D0413B8-BBBA-4F73-8872-D9B6285965B2}
	EndGlobalSection
EndGlobal
